
Microsoft Visual Studio Solution File, Format Version 12.00
# Visual Studio Version 17
VisualStudioVersion = 17.9.34902.65
MinimumVisualStudioVersion = 10.0.40219.1
Project("{FAE04EC0-301F-11D3-BF4B-00C04F79EFBC}") = "FitnessApplication", "FitnessApplication\FitnessApplication.csproj", "{27B6D5F5-F088-4C64-A3C2-53082DDA3E52}"
EndProject
Global
	GlobalSection(SolutionConfigurationPlatforms) = preSolution
		Debug|Any CPU = Debug|Any CPU
		Release|Any CPU = Release|Any CPU
	EndGlobalSection
	GlobalSection(ProjectConfigurationPlatforms) = postSolution
		{27B6D5F5-F088-4C64-A3C2-53082DDA3E52}.Debug|Any CPU.ActiveCfg = Debug|Any CPU
		{27B6D5F5-F088-4C64-A3C2-53082DDA3E52}.Debug|Any CPU.Build.0 = Debug|Any CPU
		{27B6D5F5-F088-4C64-A3C2-53082DDA3E52}.Release|Any CPU.ActiveCfg = Release|Any CPU
		{27B6D5F5-F088-4C64-A3C2-53082DDA3E52}.Release|Any CPU.Build.0 = Release|Any CPU
	EndGlobalSection
	GlobalSection(SolutionProperties) = preSolution
		HideSolutionNode = FALSE
	EndGlobalSection
	GlobalSection(ExtensibilityGlobals) = postSolution
		SolutionGuid = {7D20F61D-2030-4DC2-8FD9-B4F118EA45A3}
	EndGlobalSection
EndGlobal
